{
  "originHash" : "dc20b1b73b28c30acf9d8f2e909d94e354a825cbb7e7835fbfb46e7c3fbaf023",
  "pins" : [
    {
      "identity" : "bluesocket",
      "kind" : "remoteSourceControl",
      "location" : "https://github.com/Kitura/BlueSocket.git",
      "state" : {
        "revision" : "7b23a867008e0027bfd6f4d398d44720707bc8ca",
        "version" : "2.0.4"
      }
    },
    {
      "identity" : "bluesslservice",
      "kind" : "remoteSourceControl",
      "location" : "https://github.com/Kitura/BlueSSLService",
      "state" : {
        "revision" : "b27a94d063962dfa1bba9f79814c4ef202cf33a4",
        "version" : "2.0.2"
      }
    },
    {
      "identity" : "postgresclientkit",
      "kind" : "remoteSourceControl",
      "location" : "https://github.com/codewinsdotcom/PostgresClientKit.git",
      "state" : {
        "revision" : "356ffe0c43722f192d796300557b3b530a0baebc",
        "version" : "1.5.0"
      }
    },
    {
      "identity" : "yams",
      "kind" : "remoteSourceControl",
      "location" : "https://github.com/jpsim/Yams.git",
      "state" : {
        "revision" : "3d6871d5b4a5cd519adf233fbb576e0a2af71c17",
        "version" : "5.4.0"
      }
    }
  ],
  "version" : 3
}
